
Microsoft Visual Studio Solution File, Format Version 12.00
# Visual Studio Version 17
VisualStudioVersion = 17.0.31903.59
MinimumVisualStudioVersion = 10.0.40219.1
Project("{2150E333-8FDC-42A3-9474-1A3956D46DE8}") = "Services", "Services", "{C6CB02C1-B77B-4C19-87B4-166DAECD79DE}"
EndProject
Project("{2150E333-8FDC-42A3-9474-1A3956D46DE8}") = "Catalog", "Catalog", "{457FE264-6D4D-41DA-8C35-731205E93633}"
EndProject
Project("{FAE04EC0-301F-11D3-BF4B-00C04F79EFBC}") = "CatalogAPI", "Services\Catalog\CatalogAPI\CatalogAPI.csproj", "{045C3383-2B8B-4CD1-9576-A104CD76B4F9}"
EndProject
Project("{FAE04EC0-301F-11D3-BF4B-00C04F79EFBC}") = "BuildingBlocks", "BuildingBlocks\BuildingBlocks.csproj", "{E2197807-C3B8-4161-BB77-09E1DA691DB1}"
EndProject
Project("{2150E333-8FDC-42A3-9474-1A3956D46DE8}") = "Solution Items", "Solution Items", "{AA0D5302-90B4-44EA-8D9B-5FA8319C6E57}"
	ProjectSection(SolutionItems) = preProject
		compose.yaml = compose.yaml
	EndProjectSection
EndProject
Project("{2150E333-8FDC-42A3-9474-1A3956D46DE8}") = "Basket", "Basket", "{FE26259B-F49E-4DB2-8607-BF2BD0934006}"
EndProject
Project("{FAE04EC0-301F-11D3-BF4B-00C04F79EFBC}") = "Basket.API", "Services\Basket\Basket.API\Basket.API.csproj", "{4418AA5F-0128-444E-A1DE-76C09D729927}"
EndProject
Project("{2150E333-8FDC-42A3-9474-1A3956D46DE8}") = "Discount", "Discount", "{16DC44CA-89D8-4883-AFCD-46BA32D4510F}"
EndProject
Project("{FAE04EC0-301F-11D3-BF4B-00C04F79EFBC}") = "Discount.GRPC", "Services\Discount\Discount.GRPC\Discount.GRPC.csproj", "{E791267A-E77D-49D9-9920-BF5A94BCDEFF}"
EndProject
Project("{2150E333-8FDC-42A3-9474-1A3956D46DE8}") = "Ordering", "Ordering", "{DD8D8C8D-70BD-4E02-AEC7-81B596701FE1}"
EndProject
Project("{FAE04EC0-301F-11D3-BF4B-00C04F79EFBC}") = "Ordering.API", "Services\Ordering\Ordering.API\Ordering.API.csproj", "{06D6F4E3-F73C-4525-BEDC-61C300CE2D13}"
EndProject
Project("{FAE04EC0-301F-11D3-BF4B-00C04F79EFBC}") = "Ordering.Domain", "Services\Ordering\Ordering.Domain\Ordering.Domain.csproj", "{B832327C-65E0-4477-A21C-046FE59F82F4}"
EndProject
Project("{FAE04EC0-301F-11D3-BF4B-00C04F79EFBC}") = "Ordering.Application", "Services\Ordering\Ordering.Application\Ordering.Application.csproj", "{8B56702B-088B-4421-9E38-55CF4DEC5D94}"
EndProject
Project("{FAE04EC0-301F-11D3-BF4B-00C04F79EFBC}") = "Ordering.Infrastructure", "Services\Ordering\Ordering.Infrastructure\Ordering.Infrastructure.csproj", "{1A0D02F9-A275-4D9E-A683-74D237677ABE}"
EndProject
Global
	GlobalSection(SolutionConfigurationPlatforms) = preSolution
		Debug|Any CPU = Debug|Any CPU
		Release|Any CPU = Release|Any CPU
	EndGlobalSection
	GlobalSection(SolutionProperties) = preSolution
		HideSolutionNode = FALSE
	EndGlobalSection
	GlobalSection(NestedProjects) = preSolution
		{457FE264-6D4D-41DA-8C35-731205E93633} = {C6CB02C1-B77B-4C19-87B4-166DAECD79DE}
		{045C3383-2B8B-4CD1-9576-A104CD76B4F9} = {457FE264-6D4D-41DA-8C35-731205E93633}
		{FE26259B-F49E-4DB2-8607-BF2BD0934006} = {C6CB02C1-B77B-4C19-87B4-166DAECD79DE}
		{4418AA5F-0128-444E-A1DE-76C09D729927} = {FE26259B-F49E-4DB2-8607-BF2BD0934006}
		{16DC44CA-89D8-4883-AFCD-46BA32D4510F} = {C6CB02C1-B77B-4C19-87B4-166DAECD79DE}
		{E791267A-E77D-49D9-9920-BF5A94BCDEFF} = {16DC44CA-89D8-4883-AFCD-46BA32D4510F}
		{DD8D8C8D-70BD-4E02-AEC7-81B596701FE1} = {C6CB02C1-B77B-4C19-87B4-166DAECD79DE}
		{06D6F4E3-F73C-4525-BEDC-61C300CE2D13} = {DD8D8C8D-70BD-4E02-AEC7-81B596701FE1}
		{B832327C-65E0-4477-A21C-046FE59F82F4} = {DD8D8C8D-70BD-4E02-AEC7-81B596701FE1}
		{8B56702B-088B-4421-9E38-55CF4DEC5D94} = {DD8D8C8D-70BD-4E02-AEC7-81B596701FE1}
		{1A0D02F9-A275-4D9E-A683-74D237677ABE} = {DD8D8C8D-70BD-4E02-AEC7-81B596701FE1}
	EndGlobalSection
	GlobalSection(ProjectConfigurationPlatforms) = postSolution
		{045C3383-2B8B-4CD1-9576-A104CD76B4F9}.Debug|Any CPU.ActiveCfg = Debug|Any CPU
		{045C3383-2B8B-4CD1-9576-A104CD76B4F9}.Debug|Any CPU.Build.0 = Debug|Any CPU
		{045C3383-2B8B-4CD1-9576-A104CD76B4F9}.Release|Any CPU.ActiveCfg = Release|Any CPU
		{045C3383-2B8B-4CD1-9576-A104CD76B4F9}.Release|Any CPU.Build.0 = Release|Any CPU
		{E2197807-C3B8-4161-BB77-09E1DA691DB1}.Debug|Any CPU.ActiveCfg = Debug|Any CPU
		{E2197807-C3B8-4161-BB77-09E1DA691DB1}.Debug|Any CPU.Build.0 = Debug|Any CPU
		{E2197807-C3B8-4161-BB77-09E1DA691DB1}.Release|Any CPU.ActiveCfg = Release|Any CPU
		{E2197807-C3B8-4161-BB77-09E1DA691DB1}.Release|Any CPU.Build.0 = Release|Any CPU
		{4418AA5F-0128-444E-A1DE-76C09D729927}.Debug|Any CPU.ActiveCfg = Debug|Any CPU
		{4418AA5F-0128-444E-A1DE-76C09D729927}.Debug|Any CPU.Build.0 = Debug|Any CPU
		{4418AA5F-0128-444E-A1DE-76C09D729927}.Release|Any CPU.ActiveCfg = Release|Any CPU
		{4418AA5F-0128-444E-A1DE-76C09D729927}.Release|Any CPU.Build.0 = Release|Any CPU
		{E791267A-E77D-49D9-9920-BF5A94BCDEFF}.Debug|Any CPU.ActiveCfg = Debug|Any CPU
		{E791267A-E77D-49D9-9920-BF5A94BCDEFF}.Debug|Any CPU.Build.0 = Debug|Any CPU
		{E791267A-E77D-49D9-9920-BF5A94BCDEFF}.Release|Any CPU.ActiveCfg = Release|Any CPU
		{E791267A-E77D-49D9-9920-BF5A94BCDEFF}.Release|Any CPU.Build.0 = Release|Any CPU
		{06D6F4E3-F73C-4525-BEDC-61C300CE2D13}.Debug|Any CPU.ActiveCfg = Debug|Any CPU
		{06D6F4E3-F73C-4525-BEDC-61C300CE2D13}.Debug|Any CPU.Build.0 = Debug|Any CPU
		{06D6F4E3-F73C-4525-BEDC-61C300CE2D13}.Release|Any CPU.ActiveCfg = Release|Any CPU
		{06D6F4E3-F73C-4525-BEDC-61C300CE2D13}.Release|Any CPU.Build.0 = Release|Any CPU
		{B832327C-65E0-4477-A21C-046FE59F82F4}.Debug|Any CPU.ActiveCfg = Debug|Any CPU
		{B832327C-65E0-4477-A21C-046FE59F82F4}.Debug|Any CPU.Build.0 = Debug|Any CPU
		{B832327C-65E0-4477-A21C-046FE59F82F4}.Release|Any CPU.ActiveCfg = Release|Any CPU
		{B832327C-65E0-4477-A21C-046FE59F82F4}.Release|Any CPU.Build.0 = Release|Any CPU
		{8B56702B-088B-4421-9E38-55CF4DEC5D94}.Debug|Any CPU.ActiveCfg = Debug|Any CPU
		{8B56702B-088B-4421-9E38-55CF4DEC5D94}.Debug|Any CPU.Build.0 = Debug|Any CPU
		{8B56702B-088B-4421-9E38-55CF4DEC5D94}.Release|Any CPU.ActiveCfg = Release|Any CPU
		{8B56702B-088B-4421-9E38-55CF4DEC5D94}.Release|Any CPU.Build.0 = Release|Any CPU
		{1A0D02F9-A275-4D9E-A683-74D237677ABE}.Debug|Any CPU.ActiveCfg = Debug|Any CPU
		{1A0D02F9-A275-4D9E-A683-74D237677ABE}.Debug|Any CPU.Build.0 = Debug|Any CPU
		{1A0D02F9-A275-4D9E-A683-74D237677ABE}.Release|Any CPU.ActiveCfg = Release|Any CPU
		{1A0D02F9-A275-4D9E-A683-74D237677ABE}.Release|Any CPU.Build.0 = Release|Any CPU
	EndGlobalSection
EndGlobal
